
Microsoft Visual Studio Solution File, Format Version 12.00
# Visual Studio 15
VisualStudioVersion = 15.0.27130.2026
MinimumVisualStudioVersion = 10.0.40219.1
Project("{FAE04EC0-301F-11D3-BF4B-00C04F79EFBC}") = "DotNetPaging.Infrastructure", "DotNetPaging.Infrastructure\DotNetPaging.Infrastructure.csproj", "{9601FBAC-EA4B-4F11-844F-4EDE6C2D5181}"
EndProject
Project("{FAE04EC0-301F-11D3-BF4B-00C04F79EFBC}") = "DotNetPaging.AspNetCore", "DotNetPaging.AspNetCore\DotNetPaging.AspNetCore.csproj", "{7B402C75-31FD-4C15-A2B1-93E7F33657E4}"
EndProject
Project("{FAE04EC0-301F-11D3-BF4B-00C04F79EFBC}") = "DotNetPaging.EFCore", "DotNetPaging.EFCore\DotNetPaging.EFCore.csproj", "{3E5B4900-8BD7-430D-A217-3F2FFE658735}"
EndProject
Project("{2150E333-8FDC-42A3-9474-1A3956D46DE8}") = "External Files", "External Files", "{3DCA784C-856D-4CFA-8987-DF5FF47B6D32}"
EndProject
Global
	GlobalSection(SolutionConfigurationPlatforms) = preSolution
		Debug|Any CPU = Debug|Any CPU
		Release|Any CPU = Release|Any CPU
	EndGlobalSection
	GlobalSection(ProjectConfigurationPlatforms) = postSolution
		{9601FBAC-EA4B-4F11-844F-4EDE6C2D5181}.Debug|Any CPU.ActiveCfg = Debug|Any CPU
		{9601FBAC-EA4B-4F11-844F-4EDE6C2D5181}.Debug|Any CPU.Build.0 = Debug|Any CPU
		{9601FBAC-EA4B-4F11-844F-4EDE6C2D5181}.Release|Any CPU.ActiveCfg = Release|Any CPU
		{9601FBAC-EA4B-4F11-844F-4EDE6C2D5181}.Release|Any CPU.Build.0 = Release|Any CPU
		{7B402C75-31FD-4C15-A2B1-93E7F33657E4}.Debug|Any CPU.ActiveCfg = Debug|Any CPU
		{7B402C75-31FD-4C15-A2B1-93E7F33657E4}.Debug|Any CPU.Build.0 = Debug|Any CPU
		{7B402C75-31FD-4C15-A2B1-93E7F33657E4}.Release|Any CPU.ActiveCfg = Release|Any CPU
		{7B402C75-31FD-4C15-A2B1-93E7F33657E4}.Release|Any CPU.Build.0 = Release|Any CPU
		{3E5B4900-8BD7-430D-A217-3F2FFE658735}.Debug|Any CPU.ActiveCfg = Debug|Any CPU
		{3E5B4900-8BD7-430D-A217-3F2FFE658735}.Debug|Any CPU.Build.0 = Debug|Any CPU
		{3E5B4900-8BD7-430D-A217-3F2FFE658735}.Release|Any CPU.ActiveCfg = Release|Any CPU
		{3E5B4900-8BD7-430D-A217-3F2FFE658735}.Release|Any CPU.Build.0 = Release|Any CPU
	EndGlobalSection
	GlobalSection(SolutionProperties) = preSolution
		HideSolutionNode = FALSE
	EndGlobalSection
	GlobalSection(ExtensibilityGlobals) = postSolution
		SolutionGuid = {D0B948FA-5B55-4FF1-B089-D3A5C4402330}
	EndGlobalSection
EndGlobal
